{
  "name": "promise-requester",
  "version": "1.0.0",
  "lockfileVersion": 1,
  "requires": true,
  "dependencies": {
    "chunked_singly_linked_list": {
      "version": "1.0.0",
      "resolved": "https://registry.npmjs.org/chunked_singly_linked_list/-/chunked_singly_linked_list-1.0.0.tgz",
      "integrity": "sha512-/pYPI1ToZofTl9lD+TmqKJCea5UHCgNRs9ihv20X0SaxYGc9OZN/F8cv5MDqqC/Gf79c57/93acYSdLV06bybw=="
    }
  }
}
